{
  "name": "project.ru",
  "version": "1.0.0",
  "lockfileVersion": 1,
  "requires": true,
  "dependencies": {
    "@fancyapps/fancybox": {
      "version": "3.5.7",
      "resolved": "https://registry.npmjs.org/@fancyapps/fancybox/-/fancybox-3.5.7.tgz",
      "integrity": "sha512-rcEtu8t+WnmqIDV/Wfm1yvy/nDdwc7YV25j9HLxGC2/WOsUhk9rcWg2nB8g1BrjRt9zaoADdjHTU6ILYTJzBBg=="
    },
    "dom7": {
      "version": "3.0.0",
      "resolved": "https://registry.npmjs.org/dom7/-/dom7-3.0.0.tgz",
      "integrity": "sha512-oNlcUdHsC4zb7Msx7JN3K0Nro1dzJ48knvBOnDPKJ2GV9wl1i5vydJZUSyOfrkKFDZEud/jBsTk92S/VGSAe/g==",
      "requires": {
        "ssr-window": "^3.0.0-alpha.1"
      }
    },
    "jquery": {
      "version": "3.5.1",
      "resolved": "https://registry.npmjs.org/jquery/-/jquery-3.5.1.tgz",
      "integrity": "sha512-XwIBPqcMn57FxfT+Go5pzySnm4KWkT1Tv7gjrpT1srtf8Weynl6R273VJ5GjkRb51IzMp5nbaPjJXMWeju2MKg=="
    },
    "jquery-validation": {
      "version": "1.19.2",
      "resolved": "https://registry.npmjs.org/jquery-validation/-/jquery-validation-1.19.2.tgz",
      "integrity": "sha512-yHaAqOGaAB7+p2u5lpzhhQVt3CBMUw3fHcuCJ7nXmXz0LWLHPN7yOhwnocp5nrn2SmnXR1jpV+whx2j1kLz1tQ=="
    },
    "jquery.maskedinput": {
      "version": "1.4.1",
      "resolved": "https://registry.npmjs.org/jquery.maskedinput/-/jquery.maskedinput-1.4.1.tgz",
      "integrity": "sha1-Pqj0zcTq/Oc1TCe2anPQ9E3vwyc="
    },
    "normalize.css": {
      "version": "8.0.1",
      "resolved": "https://registry.npmjs.org/normalize.css/-/normalize.css-8.0.1.tgz",
      "integrity": "sha512-qizSNPO93t1YUuUhP22btGOo3chcvDFqFaj2TRybP0DMxkHOCTYwp3n34fel4a31ORXy4m1Xq0Gyqpb5m33qIg=="
    },
    "object-assign": {
      "version": "4.1.1",
      "resolved": "https://registry.npmjs.org/object-assign/-/object-assign-4.1.1.tgz",
      "integrity": "sha1-IQmtx5ZYh8/AXLvUQsrIv7s2CGM="
    },
    "parallax-js": {
      "version": "3.1.0",
      "resolved": "https://registry.npmjs.org/parallax-js/-/parallax-js-3.1.0.tgz",
      "integrity": "sha512-UONoPKSQykeNvFcemDPxYYDU/T89LSffoaZAwOMhDp0ABhmFPwthgn2GrfB7An9Qo+8nPZIuQeZsh2pWn1qN3A==",
      "requires": {
        "object-assign": "^4.1.1",
        "raf": "^3.3.0"
      }
    },
    "performance-now": {
      "version": "2.1.0",
      "resolved": "https://registry.npmjs.org/performance-now/-/performance-now-2.1.0.tgz",
      "integrity": "sha1-Ywn04OX6kT7BxpMHrjZLSzd8nns="
    },
    "raf": {
      "version": "3.4.1",
      "resolved": "https://registry.npmjs.org/raf/-/raf-3.4.1.tgz",
      "integrity": "sha512-Sq4CW4QhwOHE8ucn6J34MqtZCeWFP2aQSmrlroYgqAV1PjStIhJXxYuTgUIfkEk7zTLjmIjLmU5q+fbD1NnOJA==",
      "requires": {
        "performance-now": "^2.1.0"
      }
    },
    "smart-grid": {
      "version": "2.1.2",
      "resolved": "https://registry.npmjs.org/smart-grid/-/smart-grid-2.1.2.tgz",
      "integrity": "sha512-O5BYpBH5zMVMt12xAdbbCdQKwXpLWI4bqLJpaXRcNXHs4IfAVJd2K9XOilplRA7byBKva5Ysg1EtckwwqnoYeg=="
    },
    "ssr-window": {
      "version": "3.0.0",
      "resolved": "https://registry.npmjs.org/ssr-window/-/ssr-window-3.0.0.tgz",
      "integrity": "sha512-q+8UfWDg9Itrg0yWK7oe5p/XRCJpJF9OBtXfOPgSJl+u3Xd5KI328RUEvUqSMVM9CiQUEf1QdBzJMkYGErj9QA=="
    },
    "swiper": {
      "version": "6.3.5",
      "resolved": "https://registry.npmjs.org/swiper/-/swiper-6.3.5.tgz",
      "integrity": "sha512-MZkkVJ+sXukp6G3Z3BlKayhBjRIQuO1TZaTlH7ooI/0qbH0kkmItFMjFo19nOOsJaDXglA32xqyc9KCtmbJv0w==",
      "requires": {
        "dom7": "^3.0.0-alpha.7",
        "ssr-window": "^3.0.0-alpha.4"
      }
    }
  }
}
